
Microsoft Visual Studio Solution File, Format Version 12.00
# Visual Studio Version 16
VisualStudioVersion = 16.0.31402.337
MinimumVisualStudioVersion = 10.0.40219.1
Project("{FAE04EC0-301F-11D3-BF4B-00C04F79EFBC}") = "JustClick", "JustClick\JustClick.csproj", "{8255808E-CC83-48F7-A268-175C85EBAE1A}"
EndProject
Global
	GlobalSection(SolutionConfigurationPlatforms) = preSolution
		Debug|Any CPU = Debug|Any CPU
		Release|Any CPU = Release|Any CPU
	EndGlobalSection
	GlobalSection(ProjectConfigurationPlatforms) = postSolution
		{8255808E-CC83-48F7-A268-175C85EBAE1A}.Debug|Any CPU.ActiveCfg = Debug|Any CPU
		{8255808E-CC83-48F7-A268-175C85EBAE1A}.Debug|Any CPU.Build.0 = Debug|Any CPU
		{8255808E-CC83-48F7-A268-175C85EBAE1A}.Release|Any CPU.ActiveCfg = Release|Any CPU
		{8255808E-CC83-48F7-A268-175C85EBAE1A}.Release|Any CPU.Build.0 = Release|Any CPU
	EndGlobalSection
	GlobalSection(SolutionProperties) = preSolution
		HideSolutionNode = FALSE
	EndGlobalSection
	GlobalSection(ExtensibilityGlobals) = postSolution
		SolutionGuid = {5A0D282B-9A60-4B1C-B602-F1E84EF9D5CC}
	EndGlobalSection
EndGlobal
